
Microsoft Visual Studio Solution File, Format Version 12.00
# Visual Studio Version 17
VisualStudioVersion = 17.2.32630.192
MinimumVisualStudioVersion = 10.0.40219.1
Project("{FAE04EC0-301F-11D3-BF4B-00C04F79EFBC}") = "ThreeDimArrayAssignment", "ThreeDimArrayAssignment\ThreeDimArrayAssignment.csproj", "{5A8EF412-DF01-4D33-B64A-703C08E45057}"
EndProject
Global
	GlobalSection(SolutionConfigurationPlatforms) = preSolution
		Debug|Any CPU = Debug|Any CPU
		Release|Any CPU = Release|Any CPU
	EndGlobalSection
	GlobalSection(ProjectConfigurationPlatforms) = postSolution
		{5A8EF412-DF01-4D33-B64A-703C08E45057}.Debug|Any CPU.ActiveCfg = Debug|Any CPU
		{5A8EF412-DF01-4D33-B64A-703C08E45057}.Debug|Any CPU.Build.0 = Debug|Any CPU
		{5A8EF412-DF01-4D33-B64A-703C08E45057}.Release|Any CPU.ActiveCfg = Release|Any CPU
		{5A8EF412-DF01-4D33-B64A-703C08E45057}.Release|Any CPU.Build.0 = Release|Any CPU
	EndGlobalSection
	GlobalSection(SolutionProperties) = preSolution
		HideSolutionNode = FALSE
	EndGlobalSection
	GlobalSection(ExtensibilityGlobals) = postSolution
		SolutionGuid = {4B386387-B541-42CE-81C8-43B7108A68B8}
	EndGlobalSection
EndGlobal
